
Microsoft Visual Studio Solution File, Format Version 12.00
# Visual Studio Version 17
VisualStudioVersion = 17.1.32407.343
MinimumVisualStudioVersion = 10.0.40219.1
Project("{2150E333-8FDC-42A3-9474-1A3956D46DE8}") = "src", "src", "{4241B703-A86D-40DD-A133-BDB20F53F829}"
EndProject
Project("{2150E333-8FDC-42A3-9474-1A3956D46DE8}") = "Building Blocks", "Building Blocks", "{159BC625-DF3D-4350-9441-0C52DD24CD19}"
EndProject
Project("{2150E333-8FDC-42A3-9474-1A3956D46DE8}") = "Services", "Services", "{AA3FC1E1-6B56-40DB-9406-A62088F96067}"
EndProject
Project("{2150E333-8FDC-42A3-9474-1A3956D46DE8}") = "Web", "Web", "{8EB8350C-5961-4129-B942-DACA43858141}"
EndProject
Project("{2150E333-8FDC-42A3-9474-1A3956D46DE8}") = "Core", "Core", "{A3E720D4-5872-47D7-BAC4-CDE0795BE0B8}"
EndProject
Project("{2150E333-8FDC-42A3-9474-1A3956D46DE8}") = "MVC", "MVC", "{E1F65B89-5E47-4B14-875D-D1E4C2BAFF30}"
EndProject
Project("{2150E333-8FDC-42A3-9474-1A3956D46DE8}") = "Carrinho", "Carrinho", "{108B5810-306E-4A94-AC21-134F853C8051}"
EndProject
Project("{2150E333-8FDC-42A3-9474-1A3956D46DE8}") = "Catalogo", "Catalogo", "{4418456E-0538-4FC8-8DD4-7DC4211A0FA0}"
EndProject
Project("{2150E333-8FDC-42A3-9474-1A3956D46DE8}") = "Cliente", "Cliente", "{C8106552-6110-41EB-9AC6-45F69CF01F91}"
EndProject
Project("{2150E333-8FDC-42A3-9474-1A3956D46DE8}") = "Identidade", "Identidade", "{4AA1FDF1-99AD-4F37-96BE-22521E9041EA}"
EndProject
Project("{2150E333-8FDC-42A3-9474-1A3956D46DE8}") = "Pagamento", "Pagamento", "{BE61DF5B-4600-4B15-BBF5-F4C82D6C4D2B}"
EndProject
Project("{2150E333-8FDC-42A3-9474-1A3956D46DE8}") = "Pedido", "Pedido", "{1514B79F-2F40-45D5-9AF2-4ABE6165BA21}"
EndProject
Project("{9A19103F-16F7-4668-BE54-9A1E7A4F7556}") = "DS.WebApp.MVC", "src\Web\MVC\DS.WebApp.MVC\DS.WebApp.MVC.csproj", "{67769E5E-B3B4-43FC-8E75-DD27931CD7D9}"
EndProject
Project("{9A19103F-16F7-4668-BE54-9A1E7A4F7556}") = "DS.Core", "src\Building Blocks\DS.Core\DS.Core.csproj", "{05E82521-DE4D-4850-88D2-98EB5C0DAB3E}"
EndProject
Project("{FAE04EC0-301F-11D3-BF4B-00C04F79EFBC}") = "DS.Carrinho.API", "src\Services\DS.Carrinho.API\DS.Carrinho.API.csproj", "{906CACA6-DC6C-4D26-981F-4E02AF0BBD1D}"
EndProject
Project("{FAE04EC0-301F-11D3-BF4B-00C04F79EFBC}") = "DS.Catalogo.API", "src\Services\DS.Catalogo.API\DS.Catalogo.API.csproj", "{4C65A43C-76E4-4609-8B0E-596677AEA281}"
EndProject
Project("{FAE04EC0-301F-11D3-BF4B-00C04F79EFBC}") = "DS.Cliente.API", "src\Services\DS.Cliente.API\DS.Cliente.API.csproj", "{EABEA149-074A-49AE-A6BA-A6953EA07EE7}"
EndProject
Project("{FAE04EC0-301F-11D3-BF4B-00C04F79EFBC}") = "DS.Identidade.API", "src\Services\DS.Identidade.API\DS.Identidade.API.csproj", "{AB07F948-BF2A-443F-A8E5-31D0AD42E73B}"
EndProject
Project("{FAE04EC0-301F-11D3-BF4B-00C04F79EFBC}") = "DS.Pagamento.API", "src\Services\DS.Pagamento.API\DS.Pagamento.API.csproj", "{43E70362-BCB7-4420-A6B9-7101106FB43D}"
EndProject
Project("{FAE04EC0-301F-11D3-BF4B-00C04F79EFBC}") = "DS.Pedido.API", "src\Services\DS.Pedido.API\DS.Pedido.API.csproj", "{18A9B3B8-A75B-48D5-A35A-431595AAB4D7}"
EndProject
Global
	GlobalSection(SolutionConfigurationPlatforms) = preSolution
		Debug|Any CPU = Debug|Any CPU
		Release|Any CPU = Release|Any CPU
	EndGlobalSection
	GlobalSection(ProjectConfigurationPlatforms) = postSolution
		{67769E5E-B3B4-43FC-8E75-DD27931CD7D9}.Debug|Any CPU.ActiveCfg = Debug|Any CPU
		{67769E5E-B3B4-43FC-8E75-DD27931CD7D9}.Debug|Any CPU.Build.0 = Debug|Any CPU
		{67769E5E-B3B4-43FC-8E75-DD27931CD7D9}.Release|Any CPU.ActiveCfg = Release|Any CPU
		{67769E5E-B3B4-43FC-8E75-DD27931CD7D9}.Release|Any CPU.Build.0 = Release|Any CPU
		{05E82521-DE4D-4850-88D2-98EB5C0DAB3E}.Debug|Any CPU.ActiveCfg = Debug|Any CPU
		{05E82521-DE4D-4850-88D2-98EB5C0DAB3E}.Debug|Any CPU.Build.0 = Debug|Any CPU
		{05E82521-DE4D-4850-88D2-98EB5C0DAB3E}.Release|Any CPU.ActiveCfg = Release|Any CPU
		{05E82521-DE4D-4850-88D2-98EB5C0DAB3E}.Release|Any CPU.Build.0 = Release|Any CPU
		{906CACA6-DC6C-4D26-981F-4E02AF0BBD1D}.Debug|Any CPU.ActiveCfg = Debug|Any CPU
		{906CACA6-DC6C-4D26-981F-4E02AF0BBD1D}.Debug|Any CPU.Build.0 = Debug|Any CPU
		{906CACA6-DC6C-4D26-981F-4E02AF0BBD1D}.Release|Any CPU.ActiveCfg = Release|Any CPU
		{906CACA6-DC6C-4D26-981F-4E02AF0BBD1D}.Release|Any CPU.Build.0 = Release|Any CPU
		{4C65A43C-76E4-4609-8B0E-596677AEA281}.Debug|Any CPU.ActiveCfg = Debug|Any CPU
		{4C65A43C-76E4-4609-8B0E-596677AEA281}.Debug|Any CPU.Build.0 = Debug|Any CPU
		{4C65A43C-76E4-4609-8B0E-596677AEA281}.Release|Any CPU.ActiveCfg = Release|Any CPU
		{4C65A43C-76E4-4609-8B0E-596677AEA281}.Release|Any CPU.Build.0 = Release|Any CPU
		{EABEA149-074A-49AE-A6BA-A6953EA07EE7}.Debug|Any CPU.ActiveCfg = Debug|Any CPU
		{EABEA149-074A-49AE-A6BA-A6953EA07EE7}.Debug|Any CPU.Build.0 = Debug|Any CPU
		{EABEA149-074A-49AE-A6BA-A6953EA07EE7}.Release|Any CPU.ActiveCfg = Release|Any CPU
		{EABEA149-074A-49AE-A6BA-A6953EA07EE7}.Release|Any CPU.Build.0 = Release|Any CPU
		{AB07F948-BF2A-443F-A8E5-31D0AD42E73B}.Debug|Any CPU.ActiveCfg = Debug|Any CPU
		{AB07F948-BF2A-443F-A8E5-31D0AD42E73B}.Debug|Any CPU.Build.0 = Debug|Any CPU
		{AB07F948-BF2A-443F-A8E5-31D0AD42E73B}.Release|Any CPU.ActiveCfg = Release|Any CPU
		{AB07F948-BF2A-443F-A8E5-31D0AD42E73B}.Release|Any CPU.Build.0 = Release|Any CPU
		{43E70362-BCB7-4420-A6B9-7101106FB43D}.Debug|Any CPU.ActiveCfg = Debug|Any CPU
		{43E70362-BCB7-4420-A6B9-7101106FB43D}.Debug|Any CPU.Build.0 = Debug|Any CPU
		{43E70362-BCB7-4420-A6B9-7101106FB43D}.Release|Any CPU.ActiveCfg = Release|Any CPU
		{43E70362-BCB7-4420-A6B9-7101106FB43D}.Release|Any CPU.Build.0 = Release|Any CPU
		{18A9B3B8-A75B-48D5-A35A-431595AAB4D7}.Debug|Any CPU.ActiveCfg = Debug|Any CPU
		{18A9B3B8-A75B-48D5-A35A-431595AAB4D7}.Debug|Any CPU.Build.0 = Debug|Any CPU
		{18A9B3B8-A75B-48D5-A35A-431595AAB4D7}.Release|Any CPU.ActiveCfg = Release|Any CPU
		{18A9B3B8-A75B-48D5-A35A-431595AAB4D7}.Release|Any CPU.Build.0 = Release|Any CPU
	EndGlobalSection
	GlobalSection(SolutionProperties) = preSolution
		HideSolutionNode = FALSE
	EndGlobalSection
	GlobalSection(NestedProjects) = preSolution
		{159BC625-DF3D-4350-9441-0C52DD24CD19} = {4241B703-A86D-40DD-A133-BDB20F53F829}
		{AA3FC1E1-6B56-40DB-9406-A62088F96067} = {4241B703-A86D-40DD-A133-BDB20F53F829}
		{8EB8350C-5961-4129-B942-DACA43858141} = {4241B703-A86D-40DD-A133-BDB20F53F829}
		{A3E720D4-5872-47D7-BAC4-CDE0795BE0B8} = {159BC625-DF3D-4350-9441-0C52DD24CD19}
		{E1F65B89-5E47-4B14-875D-D1E4C2BAFF30} = {8EB8350C-5961-4129-B942-DACA43858141}
		{108B5810-306E-4A94-AC21-134F853C8051} = {AA3FC1E1-6B56-40DB-9406-A62088F96067}
		{4418456E-0538-4FC8-8DD4-7DC4211A0FA0} = {AA3FC1E1-6B56-40DB-9406-A62088F96067}
		{C8106552-6110-41EB-9AC6-45F69CF01F91} = {AA3FC1E1-6B56-40DB-9406-A62088F96067}
		{4AA1FDF1-99AD-4F37-96BE-22521E9041EA} = {AA3FC1E1-6B56-40DB-9406-A62088F96067}
		{BE61DF5B-4600-4B15-BBF5-F4C82D6C4D2B} = {AA3FC1E1-6B56-40DB-9406-A62088F96067}
		{1514B79F-2F40-45D5-9AF2-4ABE6165BA21} = {AA3FC1E1-6B56-40DB-9406-A62088F96067}
		{67769E5E-B3B4-43FC-8E75-DD27931CD7D9} = {E1F65B89-5E47-4B14-875D-D1E4C2BAFF30}
		{05E82521-DE4D-4850-88D2-98EB5C0DAB3E} = {A3E720D4-5872-47D7-BAC4-CDE0795BE0B8}
		{906CACA6-DC6C-4D26-981F-4E02AF0BBD1D} = {108B5810-306E-4A94-AC21-134F853C8051}
		{4C65A43C-76E4-4609-8B0E-596677AEA281} = {4418456E-0538-4FC8-8DD4-7DC4211A0FA0}
		{EABEA149-074A-49AE-A6BA-A6953EA07EE7} = {C8106552-6110-41EB-9AC6-45F69CF01F91}
		{AB07F948-BF2A-443F-A8E5-31D0AD42E73B} = {4AA1FDF1-99AD-4F37-96BE-22521E9041EA}
		{43E70362-BCB7-4420-A6B9-7101106FB43D} = {BE61DF5B-4600-4B15-BBF5-F4C82D6C4D2B}
		{18A9B3B8-A75B-48D5-A35A-431595AAB4D7} = {1514B79F-2F40-45D5-9AF2-4ABE6165BA21}
	EndGlobalSection
	GlobalSection(ExtensibilityGlobals) = postSolution
		SolutionGuid = {26982434-D3C2-46E2-A28E-292BE717CD71}
	EndGlobalSection
EndGlobal
